
Microsoft Visual Studio Solution File, Format Version 12.00
# Visual Studio 15
VisualStudioVersion = 15.0.27130.2036
MinimumVisualStudioVersion = 10.0.40219.1
Project("{9A19103F-16F7-4668-BE54-9A1E7A4F7556}") = "RedRiverChatServer", "RedRiverChatServer\RedRiverChatServer.csproj", "{6CA5922A-D792-4784-AAB7-21CE6985068E}"
EndProject
Project("{9A19103F-16F7-4668-BE54-9A1E7A4F7556}") = "RedRiverChatServerTests", "RedRiverChatServerTests\RedRiverChatServerTests.csproj", "{5EC015C1-ECEC-43CC-9C76-9823A7AC2097}"
EndProject
Global
	GlobalSection(SolutionConfigurationPlatforms) = preSolution
		Debug|Any CPU = Debug|Any CPU
		Release|Any CPU = Release|Any CPU
	EndGlobalSection
	GlobalSection(ProjectConfigurationPlatforms) = postSolution
		{6CA5922A-D792-4784-AAB7-21CE6985068E}.Debug|Any CPU.ActiveCfg = Debug|Any CPU
		{6CA5922A-D792-4784-AAB7-21CE6985068E}.Debug|Any CPU.Build.0 = Debug|Any CPU
		{6CA5922A-D792-4784-AAB7-21CE6985068E}.Release|Any CPU.ActiveCfg = Release|Any CPU
		{6CA5922A-D792-4784-AAB7-21CE6985068E}.Release|Any CPU.Build.0 = Release|Any CPU
		{5EC015C1-ECEC-43CC-9C76-9823A7AC2097}.Debug|Any CPU.ActiveCfg = Debug|Any CPU
		{5EC015C1-ECEC-43CC-9C76-9823A7AC2097}.Debug|Any CPU.Build.0 = Debug|Any CPU
		{5EC015C1-ECEC-43CC-9C76-9823A7AC2097}.Release|Any CPU.ActiveCfg = Release|Any CPU
		{5EC015C1-ECEC-43CC-9C76-9823A7AC2097}.Release|Any CPU.Build.0 = Release|Any CPU
	EndGlobalSection
	GlobalSection(SolutionProperties) = preSolution
		HideSolutionNode = FALSE
	EndGlobalSection
	GlobalSection(ExtensibilityGlobals) = postSolution
		SolutionGuid = {8B00924F-2F3C-42BC-BCFF-EE4AB2FBB354}
	EndGlobalSection
EndGlobal
